
Microsoft Visual Studio Solution File, Format Version 12.00
# Visual Studio Version 17
VisualStudioVersion = 17.5.002.0
MinimumVisualStudioVersion = 10.0.40219.1
Project("{9A19103F-16F7-4668-BE54-9A1E7A4F7556}") = "Wumpus_Reloaded", "Wumpus_Reloaded.csproj", "{C9F4E6EF-8AA3-4FBE-9345-584F23495919}"
EndProject
Global
	GlobalSection(SolutionConfigurationPlatforms) = preSolution
		Debug|Any CPU = Debug|Any CPU
		Release|Any CPU = Release|Any CPU
	EndGlobalSection
	GlobalSection(ProjectConfigurationPlatforms) = postSolution
		{C9F4E6EF-8AA3-4FBE-9345-584F23495919}.Debug|Any CPU.ActiveCfg = Debug|Any CPU
		{C9F4E6EF-8AA3-4FBE-9345-584F23495919}.Debug|Any CPU.Build.0 = Debug|Any CPU
		{C9F4E6EF-8AA3-4FBE-9345-584F23495919}.Release|Any CPU.ActiveCfg = Release|Any CPU
		{C9F4E6EF-8AA3-4FBE-9345-584F23495919}.Release|Any CPU.Build.0 = Release|Any CPU
	EndGlobalSection
	GlobalSection(SolutionProperties) = preSolution
		HideSolutionNode = FALSE
	EndGlobalSection
	GlobalSection(ExtensibilityGlobals) = postSolution
		SolutionGuid = {D26A8C52-5214-4B78-833E-579532AFAB72}
	EndGlobalSection
EndGlobal
